
Microsoft Visual Studio Solution File, Format Version 12.00
# Visual Studio Version 16
VisualStudioVersion = 16.0.32126.315
MinimumVisualStudioVersion = 10.0.40219.1
Project("{8BC9CEB8-8B4A-11D0-8D11-00A0C91BC942}") = "bufferedChannel", "bufferedChannel\bufferedChannel.vcxproj", "{529D85E6-D1A4-417C-80FF-BED8B3D5430E}"
EndProject
Global
	GlobalSection(SolutionConfigurationPlatforms) = preSolution
		Debug|x64 = Debug|x64
		Debug|x86 = Debug|x86
		Release|x64 = Release|x64
		Release|x86 = Release|x86
	EndGlobalSection
	GlobalSection(ProjectConfigurationPlatforms) = postSolution
		{529D85E6-D1A4-417C-80FF-BED8B3D5430E}.Debug|x64.ActiveCfg = Debug|x64
		{529D85E6-D1A4-417C-80FF-BED8B3D5430E}.Debug|x64.Build.0 = Debug|x64
		{529D85E6-D1A4-417C-80FF-BED8B3D5430E}.Debug|x86.ActiveCfg = Debug|Win32
		{529D85E6-D1A4-417C-80FF-BED8B3D5430E}.Debug|x86.Build.0 = Debug|Win32
		{529D85E6-D1A4-417C-80FF-BED8B3D5430E}.Release|x64.ActiveCfg = Release|x64
		{529D85E6-D1A4-417C-80FF-BED8B3D5430E}.Release|x64.Build.0 = Release|x64
		{529D85E6-D1A4-417C-80FF-BED8B3D5430E}.Release|x86.ActiveCfg = Release|Win32
		{529D85E6-D1A4-417C-80FF-BED8B3D5430E}.Release|x86.Build.0 = Release|Win32
	EndGlobalSection
	GlobalSection(SolutionProperties) = preSolution
		HideSolutionNode = FALSE
	EndGlobalSection
	GlobalSection(ExtensibilityGlobals) = postSolution
		SolutionGuid = {F4AEBF05-F693-4343-88BB-3D49BFBEF3A1}
	EndGlobalSection
EndGlobal
